
Microsoft Visual Studio Solution File, Format Version 12.00
# Visual Studio 2015
Project("{FAE04EC0-301F-11D3-BF4B-00C04F79EFBC}") = "RoboKuma", "RoboKuma.csproj", "{EEF6D004-185F-1074-43DF-3A1A06464558}"
EndProject
Global
	GlobalSection(SolutionConfigurationPlatforms) = preSolution
		Debug|Any CPU = Debug|Any CPU
		Release|Any CPU = Release|Any CPU
	EndGlobalSection
	GlobalSection(ProjectConfigurationPlatforms) = postSolution
		{EEF6D004-185F-1074-43DF-3A1A06464558}.Debug|Any CPU.ActiveCfg = Debug|Any CPU
		{EEF6D004-185F-1074-43DF-3A1A06464558}.Debug|Any CPU.Build.0 = Debug|Any CPU
		{EEF6D004-185F-1074-43DF-3A1A06464558}.Release|Any CPU.ActiveCfg = Release|Any CPU
		{EEF6D004-185F-1074-43DF-3A1A06464558}.Release|Any CPU.Build.0 = Release|Any CPU
	EndGlobalSection
	GlobalSection(SolutionProperties) = preSolution
		HideSolutionNode = FALSE
	EndGlobalSection
EndGlobal
